
Microsoft Visual Studio Solution File, Format Version 12.00
# 
Project("{2150E333-8FDC-42A3-9474-1A3956D46DE8}") = "src", "src", "{D70FE7F4-3514-42E1-AEB0-1FF6B6FDCE0A}"
EndProject
Project("{FAE04EC0-301F-11D3-BF4B-00C04F79EFBC}") = "NRustLightning", "src\NRustLightning\NRustLightning.csproj", "{718AEAA4-9B05-4467-8543-7C860A0CDC3C}"
EndProject
Project("{2150E333-8FDC-42A3-9474-1A3956D46DE8}") = "tests", "tests", "{CA473E93-5BB0-42CE-996A-1BC7136541CD}"
EndProject
Project("{FAE04EC0-301F-11D3-BF4B-00C04F79EFBC}") = "NRustLightning.Tests", "tests\NRustLightning.Tests\NRustLightning.Tests.csproj", "{5E695A1C-787E-4A46-B0E4-9E51B87E293B}"
EndProject
Project("{FAE04EC0-301F-11D3-BF4B-00C04F79EFBC}") = "NRustLightning.Server", "src\NRustLightning.Server\NRustLightning.Server.csproj", "{18B1D25A-FB97-4BA8-8001-09379A697B01}"
EndProject
Project("{FAE04EC0-301F-11D3-BF4B-00C04F79EFBC}") = "NRustLightning.Server.Tests", "tests\NRustLightning.Server.Tests\NRustLightning.Server.Tests.csproj", "{29A92026-BF0A-41ED-A171-D2E1D6A37AE9}"
EndProject
Project("{FAE04EC0-301F-11D3-BF4B-00C04F79EFBC}") = "NRustLightning.CLI", "src\NRustLightning.CLI\NRustLightning.CLI.csproj", "{913C7835-984E-47B8-A820-7D98F9B1E6EA}"
EndProject
Project("{FAE04EC0-301F-11D3-BF4B-00C04F79EFBC}") = "NRustLightning.Client", "src\NRustLightning.Client\NRustLightning.Client.csproj", "{26AEF956-106E-45A8-90CF-DC6267DF46CE}"
EndProject
Project("{2150E333-8FDC-42A3-9474-1A3956D46DE8}") = "DockerComposeFixture", "DockerComposeFixture", "{18D0D5EF-5563-479C-8ED9-A9F836D3112B}"
EndProject
Project("{FAE04EC0-301F-11D3-BF4B-00C04F79EFBC}") = "DockerComposeFixture", "tests\DockerComposeFixture\DockerComposeFixture\DockerComposeFixture.csproj", "{EF9A7E5A-04C1-4DF7-8551-019E42C8F39A}"
EndProject
Project("{FAE04EC0-301F-11D3-BF4B-00C04F79EFBC}") = "NRustLightning.Net", "src\NRustLightning.Net\NRustLightning.Net.csproj", "{C19F306B-BBF3-4D30-8FF7-E08D3BF93E7F}"
EndProject
Project("{F2A71F9B-5D33-465A-A702-920D77279786}") = "NRustLightning.RustLightningTypes", "src\NRustLightning.RustLightningTypes\NRustLightning.RustLightningTypes.fsproj", "{758DEB78-4A93-438F-8E11-4FDAEE67638E}"
EndProject
Project("{FAE04EC0-301F-11D3-BF4B-00C04F79EFBC}") = "NRustLightning.Infrastructure", "src\NRustLightning.Infrastructure\NRustLightning.Infrastructure.csproj", "{F5D07336-D249-44E9-B516-2374FD8E20C5}"
EndProject
Project("{F2A71F9B-5D33-465A-A702-920D77279786}") = "NRustLightning.RustLightningType.Tests", "tests\NRustLightning.RustLightningType.Tests\NRustLightning.RustLightningType.Tests.fsproj", "{6BDA8BCF-6431-403C-88C9-4315B81698A2}"
EndProject
Project("{FAE04EC0-301F-11D3-BF4B-00C04F79EFBC}") = "NRustLightning.Net.Tests", "tests\NRustLightning.Net.Tests\NRustLightning.Net.Tests.csproj", "{2E4BDB34-10E9-4E43-8AB1-C243B942754D}"
EndProject
Project("{FAE04EC0-301F-11D3-BF4B-00C04F79EFBC}") = "NRustLightning.Tests.Common", "tests\NRustLightning.Tests.Common\NRustLightning.Tests.Common.csproj", "{D0735EF4-7351-4648-8968-8D9FAECC6334}"
EndProject
Project("{2150E333-8FDC-42A3-9474-1A3956D46DE8}") = "NRustLightning.GUI", "NRustLightning.GUI", "{66D683B2-9133-4BAD-83CB-CAA99D603F60}"
EndProject
Project("{2150E333-8FDC-42A3-9474-1A3956D46DE8}") = "src", "src", "{9B0CE479-AD4C-4A5E-BD1C-5903EE114B8D}"
EndProject
Project("{F2A71F9B-5D33-465A-A702-920D77279786}") = "NRustLightning.GUI.Server", "src\NRustLightning.GUI\src\NRustLightning.GUI.Server\NRustLightning.GUI.Server.fsproj", "{0E4AAF94-A251-47A1-A4B6-5D289D6C8D6C}"
EndProject
Project("{F2A71F9B-5D33-465A-A702-920D77279786}") = "NRustLightning.GUI.Client", "src\NRustLightning.GUI\src\NRustLightning.GUI.Client\NRustLightning.GUI.Client.fsproj", "{8E0AF27A-BB18-4E3D-BC76-73CACF83622B}"
EndProject
Global
	GlobalSection(SolutionConfigurationPlatforms) = preSolution
		Debug|Any CPU = Debug|Any CPU
		Release|Any CPU = Release|Any CPU
	EndGlobalSection
	GlobalSection(ProjectConfigurationPlatforms) = postSolution
		{718AEAA4-9B05-4467-8543-7C860A0CDC3C}.Debug|Any CPU.ActiveCfg = Debug|Any CPU
		{718AEAA4-9B05-4467-8543-7C860A0CDC3C}.Debug|Any CPU.Build.0 = Debug|Any CPU
		{718AEAA4-9B05-4467-8543-7C860A0CDC3C}.Release|Any CPU.ActiveCfg = Release|Any CPU
		{718AEAA4-9B05-4467-8543-7C860A0CDC3C}.Release|Any CPU.Build.0 = Release|Any CPU
		{5E695A1C-787E-4A46-B0E4-9E51B87E293B}.Debug|Any CPU.ActiveCfg = Debug|Any CPU
		{5E695A1C-787E-4A46-B0E4-9E51B87E293B}.Debug|Any CPU.Build.0 = Debug|Any CPU
		{5E695A1C-787E-4A46-B0E4-9E51B87E293B}.Release|Any CPU.ActiveCfg = Release|Any CPU
		{5E695A1C-787E-4A46-B0E4-9E51B87E293B}.Release|Any CPU.Build.0 = Release|Any CPU
		{18B1D25A-FB97-4BA8-8001-09379A697B01}.Debug|Any CPU.ActiveCfg = Debug|Any CPU
		{18B1D25A-FB97-4BA8-8001-09379A697B01}.Debug|Any CPU.Build.0 = Debug|Any CPU
		{18B1D25A-FB97-4BA8-8001-09379A697B01}.Release|Any CPU.ActiveCfg = Release|Any CPU
		{18B1D25A-FB97-4BA8-8001-09379A697B01}.Release|Any CPU.Build.0 = Release|Any CPU
		{29A92026-BF0A-41ED-A171-D2E1D6A37AE9}.Debug|Any CPU.ActiveCfg = Debug|Any CPU
		{29A92026-BF0A-41ED-A171-D2E1D6A37AE9}.Debug|Any CPU.Build.0 = Debug|Any CPU
		{29A92026-BF0A-41ED-A171-D2E1D6A37AE9}.Release|Any CPU.ActiveCfg = Release|Any CPU
		{29A92026-BF0A-41ED-A171-D2E1D6A37AE9}.Release|Any CPU.Build.0 = Release|Any CPU
		{913C7835-984E-47B8-A820-7D98F9B1E6EA}.Debug|Any CPU.ActiveCfg = Debug|Any CPU
		{913C7835-984E-47B8-A820-7D98F9B1E6EA}.Debug|Any CPU.Build.0 = Debug|Any CPU
		{913C7835-984E-47B8-A820-7D98F9B1E6EA}.Release|Any CPU.ActiveCfg = Release|Any CPU
		{913C7835-984E-47B8-A820-7D98F9B1E6EA}.Release|Any CPU.Build.0 = Release|Any CPU
		{26AEF956-106E-45A8-90CF-DC6267DF46CE}.Debug|Any CPU.ActiveCfg = Debug|Any CPU
		{26AEF956-106E-45A8-90CF-DC6267DF46CE}.Debug|Any CPU.Build.0 = Debug|Any CPU
		{26AEF956-106E-45A8-90CF-DC6267DF46CE}.Release|Any CPU.ActiveCfg = Release|Any CPU
		{26AEF956-106E-45A8-90CF-DC6267DF46CE}.Release|Any CPU.Build.0 = Release|Any CPU
		{EF9A7E5A-04C1-4DF7-8551-019E42C8F39A}.Debug|Any CPU.ActiveCfg = Debug|Any CPU
		{EF9A7E5A-04C1-4DF7-8551-019E42C8F39A}.Debug|Any CPU.Build.0 = Debug|Any CPU
		{EF9A7E5A-04C1-4DF7-8551-019E42C8F39A}.Release|Any CPU.ActiveCfg = Release|Any CPU
		{EF9A7E5A-04C1-4DF7-8551-019E42C8F39A}.Release|Any CPU.Build.0 = Release|Any CPU
		{C19F306B-BBF3-4D30-8FF7-E08D3BF93E7F}.Debug|Any CPU.ActiveCfg = Debug|Any CPU
		{C19F306B-BBF3-4D30-8FF7-E08D3BF93E7F}.Debug|Any CPU.Build.0 = Debug|Any CPU
		{C19F306B-BBF3-4D30-8FF7-E08D3BF93E7F}.Release|Any CPU.ActiveCfg = Release|Any CPU
		{C19F306B-BBF3-4D30-8FF7-E08D3BF93E7F}.Release|Any CPU.Build.0 = Release|Any CPU
		{758DEB78-4A93-438F-8E11-4FDAEE67638E}.Debug|Any CPU.ActiveCfg = Debug|Any CPU
		{758DEB78-4A93-438F-8E11-4FDAEE67638E}.Debug|Any CPU.Build.0 = Debug|Any CPU
		{758DEB78-4A93-438F-8E11-4FDAEE67638E}.Release|Any CPU.ActiveCfg = Release|Any CPU
		{758DEB78-4A93-438F-8E11-4FDAEE67638E}.Release|Any CPU.Build.0 = Release|Any CPU
		{F5D07336-D249-44E9-B516-2374FD8E20C5}.Debug|Any CPU.ActiveCfg = Debug|Any CPU
		{F5D07336-D249-44E9-B516-2374FD8E20C5}.Debug|Any CPU.Build.0 = Debug|Any CPU
		{F5D07336-D249-44E9-B516-2374FD8E20C5}.Release|Any CPU.ActiveCfg = Release|Any CPU
		{F5D07336-D249-44E9-B516-2374FD8E20C5}.Release|Any CPU.Build.0 = Release|Any CPU
		{6BDA8BCF-6431-403C-88C9-4315B81698A2}.Debug|Any CPU.ActiveCfg = Debug|Any CPU
		{6BDA8BCF-6431-403C-88C9-4315B81698A2}.Debug|Any CPU.Build.0 = Debug|Any CPU
		{6BDA8BCF-6431-403C-88C9-4315B81698A2}.Release|Any CPU.ActiveCfg = Release|Any CPU
		{6BDA8BCF-6431-403C-88C9-4315B81698A2}.Release|Any CPU.Build.0 = Release|Any CPU
		{2E4BDB34-10E9-4E43-8AB1-C243B942754D}.Debug|Any CPU.ActiveCfg = Debug|Any CPU
		{2E4BDB34-10E9-4E43-8AB1-C243B942754D}.Debug|Any CPU.Build.0 = Debug|Any CPU
		{2E4BDB34-10E9-4E43-8AB1-C243B942754D}.Release|Any CPU.ActiveCfg = Release|Any CPU
		{2E4BDB34-10E9-4E43-8AB1-C243B942754D}.Release|Any CPU.Build.0 = Release|Any CPU
		{D0735EF4-7351-4648-8968-8D9FAECC6334}.Debug|Any CPU.ActiveCfg = Debug|Any CPU
		{D0735EF4-7351-4648-8968-8D9FAECC6334}.Debug|Any CPU.Build.0 = Debug|Any CPU
		{D0735EF4-7351-4648-8968-8D9FAECC6334}.Release|Any CPU.ActiveCfg = Release|Any CPU
		{D0735EF4-7351-4648-8968-8D9FAECC6334}.Release|Any CPU.Build.0 = Release|Any CPU
		{0E4AAF94-A251-47A1-A4B6-5D289D6C8D6C}.Debug|Any CPU.ActiveCfg = Debug|Any CPU
		{0E4AAF94-A251-47A1-A4B6-5D289D6C8D6C}.Debug|Any CPU.Build.0 = Debug|Any CPU
		{0E4AAF94-A251-47A1-A4B6-5D289D6C8D6C}.Release|Any CPU.ActiveCfg = Release|Any CPU
		{0E4AAF94-A251-47A1-A4B6-5D289D6C8D6C}.Release|Any CPU.Build.0 = Release|Any CPU
		{8E0AF27A-BB18-4E3D-BC76-73CACF83622B}.Debug|Any CPU.ActiveCfg = Debug|Any CPU
		{8E0AF27A-BB18-4E3D-BC76-73CACF83622B}.Debug|Any CPU.Build.0 = Debug|Any CPU
		{8E0AF27A-BB18-4E3D-BC76-73CACF83622B}.Release|Any CPU.ActiveCfg = Release|Any CPU
		{8E0AF27A-BB18-4E3D-BC76-73CACF83622B}.Release|Any CPU.Build.0 = Release|Any CPU
	EndGlobalSection
	GlobalSection(NestedProjects) = preSolution
		{718AEAA4-9B05-4467-8543-7C860A0CDC3C} = {D70FE7F4-3514-42E1-AEB0-1FF6B6FDCE0A}
		{5E695A1C-787E-4A46-B0E4-9E51B87E293B} = {CA473E93-5BB0-42CE-996A-1BC7136541CD}
		{18B1D25A-FB97-4BA8-8001-09379A697B01} = {D70FE7F4-3514-42E1-AEB0-1FF6B6FDCE0A}
		{29A92026-BF0A-41ED-A171-D2E1D6A37AE9} = {CA473E93-5BB0-42CE-996A-1BC7136541CD}
		{913C7835-984E-47B8-A820-7D98F9B1E6EA} = {D70FE7F4-3514-42E1-AEB0-1FF6B6FDCE0A}
		{26AEF956-106E-45A8-90CF-DC6267DF46CE} = {D70FE7F4-3514-42E1-AEB0-1FF6B6FDCE0A}
		{18D0D5EF-5563-479C-8ED9-A9F836D3112B} = {CA473E93-5BB0-42CE-996A-1BC7136541CD}
		{EF9A7E5A-04C1-4DF7-8551-019E42C8F39A} = {18D0D5EF-5563-479C-8ED9-A9F836D3112B}
		{C19F306B-BBF3-4D30-8FF7-E08D3BF93E7F} = {D70FE7F4-3514-42E1-AEB0-1FF6B6FDCE0A}
		{758DEB78-4A93-438F-8E11-4FDAEE67638E} = {D70FE7F4-3514-42E1-AEB0-1FF6B6FDCE0A}
		{F5D07336-D249-44E9-B516-2374FD8E20C5} = {D70FE7F4-3514-42E1-AEB0-1FF6B6FDCE0A}
		{6BDA8BCF-6431-403C-88C9-4315B81698A2} = {CA473E93-5BB0-42CE-996A-1BC7136541CD}
		{2E4BDB34-10E9-4E43-8AB1-C243B942754D} = {CA473E93-5BB0-42CE-996A-1BC7136541CD}
		{D0735EF4-7351-4648-8968-8D9FAECC6334} = {CA473E93-5BB0-42CE-996A-1BC7136541CD}
		{66D683B2-9133-4BAD-83CB-CAA99D603F60} = {D70FE7F4-3514-42E1-AEB0-1FF6B6FDCE0A}
		{9B0CE479-AD4C-4A5E-BD1C-5903EE114B8D} = {66D683B2-9133-4BAD-83CB-CAA99D603F60}
		{0E4AAF94-A251-47A1-A4B6-5D289D6C8D6C} = {9B0CE479-AD4C-4A5E-BD1C-5903EE114B8D}
		{8E0AF27A-BB18-4E3D-BC76-73CACF83622B} = {9B0CE479-AD4C-4A5E-BD1C-5903EE114B8D}
	EndGlobalSection
EndGlobal
