
Microsoft Visual Studio Solution File, Format Version 12.00
# 
Project("{2150E333-8FDC-42A3-9474-1A3956D46DE8}") = "src", "src", "{D70FE7F4-3514-42E1-AEB0-1FF6B6FDCE0A}"
EndProject
Project("{FAE04EC0-301F-11D3-BF4B-00C04F79EFBC}") = "NRustLightning", "src\NRustLightning\NRustLightning.csproj", "{718AEAA4-9B05-4467-8543-7C860A0CDC3C}"
EndProject
Project("{2150E333-8FDC-42A3-9474-1A3956D46DE8}") = "tests", "tests", "{CA473E93-5BB0-42CE-996A-1BC7136541CD}"
EndProject
Project("{FAE04EC0-301F-11D3-BF4B-00C04F79EFBC}") = "NRustLightning.Tests", "tests\NRustLightning.Tests\NRustLightning.Tests.csproj", "{5E695A1C-787E-4A46-B0E4-9E51B87E293B}"
EndProject
Project("{FAE04EC0-301F-11D3-BF4B-00C04F79EFBC}") = "NRustLightning.Server", "src\NRustLightning.Server\NRustLightning.Server.csproj", "{18B1D25A-FB97-4BA8-8001-09379A697B01}"
EndProject
Project("{FAE04EC0-301F-11D3-BF4B-00C04F79EFBC}") = "NRustLightning.Server.Tests", "tests\NRustLightning.Server.Tests\NRustLightning.Server.Tests.csproj", "{29A92026-BF0A-41ED-A171-D2E1D6A37AE9}"
EndProject
Project("{FAE04EC0-301F-11D3-BF4B-00C04F79EFBC}") = "NRustLightning.CLI", "src\NRustLightning.CLI\NRustLightning.CLI.csproj", "{913C7835-984E-47B8-A820-7D98F9B1E6EA}"
EndProject
Project("{FAE04EC0-301F-11D3-BF4B-00C04F79EFBC}") = "NRustLightning.Client", "src\NRustLightning.Client\NRustLightning.Client.csproj", "{26AEF956-106E-45A8-90CF-DC6267DF46CE}"
EndProject
Project("{2150E333-8FDC-42A3-9474-1A3956D46DE8}") = "DockerComposeFixture", "DockerComposeFixture", "{18D0D5EF-5563-479C-8ED9-A9F836D3112B}"
EndProject
Project("{FAE04EC0-301F-11D3-BF4B-00C04F79EFBC}") = "DockerComposeFixture", "tests\DockerComposeFixture\DockerComposeFixture\DockerComposeFixture.csproj", "{EF9A7E5A-04C1-4DF7-8551-019E42C8F39A}"
EndProject
Project("{FAE04EC0-301F-11D3-BF4B-00C04F79EFBC}") = "NRustLightning.Net", "src\NRustLightning.Net\NRustLightning.Net.csproj", "{C19F306B-BBF3-4D30-8FF7-E08D3BF93E7F}"
EndProject
Project("{F2A71F9B-5D33-465A-A702-920D77279786}") = "NRustLightning.RustLightningTypes", "src\NRustLightning.RustLightningTypes\NRustLightning.RustLightningTypes.fsproj", "{758DEB78-4A93-438F-8E11-4FDAEE67638E}"
EndProject
Project("{F2A71F9B-5D33-465A-A702-920D77279786}") = "FSharp.SystemTextJson", "src\FSharp.SystemTextJson\FSharp.SystemTextJson.fsproj", "{B566ACBC-6E61-443C-9E19-E7234C4BA1AF}"
EndProject
Global
	GlobalSection(SolutionConfigurationPlatforms) = preSolution
		Debug|Any CPU = Debug|Any CPU
		Release|Any CPU = Release|Any CPU
	EndGlobalSection
	GlobalSection(ProjectConfigurationPlatforms) = postSolution
		{718AEAA4-9B05-4467-8543-7C860A0CDC3C}.Debug|Any CPU.ActiveCfg = Debug|Any CPU
		{718AEAA4-9B05-4467-8543-7C860A0CDC3C}.Debug|Any CPU.Build.0 = Debug|Any CPU
		{718AEAA4-9B05-4467-8543-7C860A0CDC3C}.Release|Any CPU.ActiveCfg = Release|Any CPU
		{718AEAA4-9B05-4467-8543-7C860A0CDC3C}.Release|Any CPU.Build.0 = Release|Any CPU
		{5E695A1C-787E-4A46-B0E4-9E51B87E293B}.Debug|Any CPU.ActiveCfg = Debug|Any CPU
		{5E695A1C-787E-4A46-B0E4-9E51B87E293B}.Debug|Any CPU.Build.0 = Debug|Any CPU
		{5E695A1C-787E-4A46-B0E4-9E51B87E293B}.Release|Any CPU.ActiveCfg = Release|Any CPU
		{5E695A1C-787E-4A46-B0E4-9E51B87E293B}.Release|Any CPU.Build.0 = Release|Any CPU
		{18B1D25A-FB97-4BA8-8001-09379A697B01}.Debug|Any CPU.ActiveCfg = Debug|Any CPU
		{18B1D25A-FB97-4BA8-8001-09379A697B01}.Debug|Any CPU.Build.0 = Debug|Any CPU
		{18B1D25A-FB97-4BA8-8001-09379A697B01}.Release|Any CPU.ActiveCfg = Release|Any CPU
		{18B1D25A-FB97-4BA8-8001-09379A697B01}.Release|Any CPU.Build.0 = Release|Any CPU
		{29A92026-BF0A-41ED-A171-D2E1D6A37AE9}.Debug|Any CPU.ActiveCfg = Debug|Any CPU
		{29A92026-BF0A-41ED-A171-D2E1D6A37AE9}.Debug|Any CPU.Build.0 = Debug|Any CPU
		{29A92026-BF0A-41ED-A171-D2E1D6A37AE9}.Release|Any CPU.ActiveCfg = Release|Any CPU
		{29A92026-BF0A-41ED-A171-D2E1D6A37AE9}.Release|Any CPU.Build.0 = Release|Any CPU
		{913C7835-984E-47B8-A820-7D98F9B1E6EA}.Debug|Any CPU.ActiveCfg = Debug|Any CPU
		{913C7835-984E-47B8-A820-7D98F9B1E6EA}.Debug|Any CPU.Build.0 = Debug|Any CPU
		{913C7835-984E-47B8-A820-7D98F9B1E6EA}.Release|Any CPU.ActiveCfg = Release|Any CPU
		{913C7835-984E-47B8-A820-7D98F9B1E6EA}.Release|Any CPU.Build.0 = Release|Any CPU
		{26AEF956-106E-45A8-90CF-DC6267DF46CE}.Debug|Any CPU.ActiveCfg = Debug|Any CPU
		{26AEF956-106E-45A8-90CF-DC6267DF46CE}.Debug|Any CPU.Build.0 = Debug|Any CPU
		{26AEF956-106E-45A8-90CF-DC6267DF46CE}.Release|Any CPU.ActiveCfg = Release|Any CPU
		{26AEF956-106E-45A8-90CF-DC6267DF46CE}.Release|Any CPU.Build.0 = Release|Any CPU
		{EF9A7E5A-04C1-4DF7-8551-019E42C8F39A}.Debug|Any CPU.ActiveCfg = Debug|Any CPU
		{EF9A7E5A-04C1-4DF7-8551-019E42C8F39A}.Debug|Any CPU.Build.0 = Debug|Any CPU
		{EF9A7E5A-04C1-4DF7-8551-019E42C8F39A}.Release|Any CPU.ActiveCfg = Release|Any CPU
		{EF9A7E5A-04C1-4DF7-8551-019E42C8F39A}.Release|Any CPU.Build.0 = Release|Any CPU
		{C19F306B-BBF3-4D30-8FF7-E08D3BF93E7F}.Debug|Any CPU.ActiveCfg = Debug|Any CPU
		{C19F306B-BBF3-4D30-8FF7-E08D3BF93E7F}.Debug|Any CPU.Build.0 = Debug|Any CPU
		{C19F306B-BBF3-4D30-8FF7-E08D3BF93E7F}.Release|Any CPU.ActiveCfg = Release|Any CPU
		{C19F306B-BBF3-4D30-8FF7-E08D3BF93E7F}.Release|Any CPU.Build.0 = Release|Any CPU
		{758DEB78-4A93-438F-8E11-4FDAEE67638E}.Debug|Any CPU.ActiveCfg = Debug|Any CPU
		{758DEB78-4A93-438F-8E11-4FDAEE67638E}.Debug|Any CPU.Build.0 = Debug|Any CPU
		{758DEB78-4A93-438F-8E11-4FDAEE67638E}.Release|Any CPU.ActiveCfg = Release|Any CPU
		{758DEB78-4A93-438F-8E11-4FDAEE67638E}.Release|Any CPU.Build.0 = Release|Any CPU
		{B566ACBC-6E61-443C-9E19-E7234C4BA1AF}.Debug|Any CPU.ActiveCfg = Debug|Any CPU
		{B566ACBC-6E61-443C-9E19-E7234C4BA1AF}.Debug|Any CPU.Build.0 = Debug|Any CPU
		{B566ACBC-6E61-443C-9E19-E7234C4BA1AF}.Release|Any CPU.ActiveCfg = Release|Any CPU
		{B566ACBC-6E61-443C-9E19-E7234C4BA1AF}.Release|Any CPU.Build.0 = Release|Any CPU
	EndGlobalSection
	GlobalSection(NestedProjects) = preSolution
		{718AEAA4-9B05-4467-8543-7C860A0CDC3C} = {D70FE7F4-3514-42E1-AEB0-1FF6B6FDCE0A}
		{5E695A1C-787E-4A46-B0E4-9E51B87E293B} = {CA473E93-5BB0-42CE-996A-1BC7136541CD}
		{18B1D25A-FB97-4BA8-8001-09379A697B01} = {D70FE7F4-3514-42E1-AEB0-1FF6B6FDCE0A}
		{29A92026-BF0A-41ED-A171-D2E1D6A37AE9} = {CA473E93-5BB0-42CE-996A-1BC7136541CD}
		{913C7835-984E-47B8-A820-7D98F9B1E6EA} = {D70FE7F4-3514-42E1-AEB0-1FF6B6FDCE0A}
		{26AEF956-106E-45A8-90CF-DC6267DF46CE} = {D70FE7F4-3514-42E1-AEB0-1FF6B6FDCE0A}
		{18D0D5EF-5563-479C-8ED9-A9F836D3112B} = {CA473E93-5BB0-42CE-996A-1BC7136541CD}
		{EF9A7E5A-04C1-4DF7-8551-019E42C8F39A} = {18D0D5EF-5563-479C-8ED9-A9F836D3112B}
		{C19F306B-BBF3-4D30-8FF7-E08D3BF93E7F} = {D70FE7F4-3514-42E1-AEB0-1FF6B6FDCE0A}
		{758DEB78-4A93-438F-8E11-4FDAEE67638E} = {D70FE7F4-3514-42E1-AEB0-1FF6B6FDCE0A}
		{B566ACBC-6E61-443C-9E19-E7234C4BA1AF} = {D70FE7F4-3514-42E1-AEB0-1FF6B6FDCE0A}
	EndGlobalSection
EndGlobal
